
Microsoft Visual Studio Solution File, Format Version 12.00
# Visual Studio Version 17
VisualStudioVersion = 17.14.36109.1 d17.14
MinimumVisualStudioVersion = 10.0.40219.1
Project("{FAE04EC0-301F-11D3-BF4B-00C04F79EFBC}") = "BHomesAttendance", "BHomesAttendance.csproj", "{F840EE09-FCC9-4787-B781-0C6606F1FC62}"
EndProject
Global
	GlobalSection(SolutionConfigurationPlatforms) = preSolution
		Debug|Any CPU = Debug|Any CPU
		Release|Any CPU = Release|Any CPU
	EndGlobalSection
	GlobalSection(ProjectConfigurationPlatforms) = postSolution
		{F840EE09-FCC9-4787-B781-0C6606F1FC62}.Debug|Any CPU.ActiveCfg = Debug|Any CPU
		{F840EE09-FCC9-4787-B781-0C6606F1FC62}.Debug|Any CPU.Build.0 = Debug|Any CPU
		{F840EE09-FCC9-4787-B781-0C6606F1FC62}.Release|Any CPU.ActiveCfg = Release|Any CPU
		{F840EE09-FCC9-4787-B781-0C6606F1FC62}.Release|Any CPU.Build.0 = Release|Any CPU
	EndGlobalSection
	GlobalSection(SolutionProperties) = preSolution
		HideSolutionNode = FALSE
	EndGlobalSection
	GlobalSection(ExtensibilityGlobals) = postSolution
		SolutionGuid = {39B81B32-0E42-480B-AD51-15ECFFFE4968}
	EndGlobalSection
EndGlobal
